
Microsoft Visual Studio Solution File, Format Version 12.00
# Visual Studio Version 16
VisualStudioVersion = 16.0.30225.117
MinimumVisualStudioVersion = 10.0.40219.1
Project("{FAE04EC0-301F-11D3-BF4B-00C04F79EFBC}") = "EF.Practice", "EF.Practice\EF.Practice.csproj", "{51EE1707-4884-46B3-8685-E225364F84CE}"
EndProject
Global
	GlobalSection(SolutionConfigurationPlatforms) = preSolution
		Debug|Any CPU = Debug|Any CPU
		Release|Any CPU = Release|Any CPU
	EndGlobalSection
	GlobalSection(ProjectConfigurationPlatforms) = postSolution
		{51EE1707-4884-46B3-8685-E225364F84CE}.Debug|Any CPU.ActiveCfg = Debug|Any CPU
		{51EE1707-4884-46B3-8685-E225364F84CE}.Debug|Any CPU.Build.0 = Debug|Any CPU
		{51EE1707-4884-46B3-8685-E225364F84CE}.Release|Any CPU.ActiveCfg = Release|Any CPU
		{51EE1707-4884-46B3-8685-E225364F84CE}.Release|Any CPU.Build.0 = Release|Any CPU
	EndGlobalSection
	GlobalSection(SolutionProperties) = preSolution
		HideSolutionNode = FALSE
	EndGlobalSection
	GlobalSection(ExtensibilityGlobals) = postSolution
		SolutionGuid = {B47A12A0-2044-43EF-BE7A-920CDD9CCD0C}
	EndGlobalSection
EndGlobal
