
Microsoft Visual Studio Solution File, Format Version 12.00
# Visual Studio Version 16
VisualStudioVersion = 16.0.29509.3
MinimumVisualStudioVersion = 10.0.40219.1
Project("{FAE04EC0-301F-11D3-BF4B-00C04F79EFBC}") = "TestingTask.Core", "TestingTask.Core\TestingTask.Core.csproj", "{7B2582A5-4792-4741-849E-0965D8794F25}"
EndProject
Project("{FAE04EC0-301F-11D3-BF4B-00C04F79EFBC}") = "TestingTask.BL", "TestingTask.BL\TestingTask.BL.csproj", "{D3CDDFB9-49BA-49A4-A9D1-BBEC56D89788}"
EndProject
Project("{FAE04EC0-301F-11D3-BF4B-00C04F79EFBC}") = "TestingTask.BL.IntegrationTest", "TestingTask.BL.IntegrationTest\TestingTask.BL.IntegrationTest.csproj", "{1B9B9F5A-9568-4465-8558-9371F73FD2F6}"
EndProject
Project("{FAE04EC0-301F-11D3-BF4B-00C04F79EFBC}") = "TestingTask.BL.UnitTest", "TestingTask.BL.UnitTest\TestingTask.BL.UnitTest.csproj", "{03FEF56A-E144-41B9-8BE0-6377D952649B}"
EndProject
Global
	GlobalSection(SolutionConfigurationPlatforms) = preSolution
		Debug|Any CPU = Debug|Any CPU
		Release|Any CPU = Release|Any CPU
	EndGlobalSection
	GlobalSection(ProjectConfigurationPlatforms) = postSolution
		{7B2582A5-4792-4741-849E-0965D8794F25}.Debug|Any CPU.ActiveCfg = Debug|Any CPU
		{7B2582A5-4792-4741-849E-0965D8794F25}.Debug|Any CPU.Build.0 = Debug|Any CPU
		{7B2582A5-4792-4741-849E-0965D8794F25}.Release|Any CPU.ActiveCfg = Release|Any CPU
		{7B2582A5-4792-4741-849E-0965D8794F25}.Release|Any CPU.Build.0 = Release|Any CPU
		{D3CDDFB9-49BA-49A4-A9D1-BBEC56D89788}.Debug|Any CPU.ActiveCfg = Debug|Any CPU
		{D3CDDFB9-49BA-49A4-A9D1-BBEC56D89788}.Debug|Any CPU.Build.0 = Debug|Any CPU
		{D3CDDFB9-49BA-49A4-A9D1-BBEC56D89788}.Release|Any CPU.ActiveCfg = Release|Any CPU
		{D3CDDFB9-49BA-49A4-A9D1-BBEC56D89788}.Release|Any CPU.Build.0 = Release|Any CPU
		{1B9B9F5A-9568-4465-8558-9371F73FD2F6}.Debug|Any CPU.ActiveCfg = Debug|Any CPU
		{1B9B9F5A-9568-4465-8558-9371F73FD2F6}.Debug|Any CPU.Build.0 = Debug|Any CPU
		{1B9B9F5A-9568-4465-8558-9371F73FD2F6}.Release|Any CPU.ActiveCfg = Release|Any CPU
		{1B9B9F5A-9568-4465-8558-9371F73FD2F6}.Release|Any CPU.Build.0 = Release|Any CPU
		{03FEF56A-E144-41B9-8BE0-6377D952649B}.Debug|Any CPU.ActiveCfg = Debug|Any CPU
		{03FEF56A-E144-41B9-8BE0-6377D952649B}.Debug|Any CPU.Build.0 = Debug|Any CPU
		{03FEF56A-E144-41B9-8BE0-6377D952649B}.Release|Any CPU.ActiveCfg = Release|Any CPU
		{03FEF56A-E144-41B9-8BE0-6377D952649B}.Release|Any CPU.Build.0 = Release|Any CPU
	EndGlobalSection
	GlobalSection(SolutionProperties) = preSolution
		HideSolutionNode = FALSE
	EndGlobalSection
	GlobalSection(ExtensibilityGlobals) = postSolution
		SolutionGuid = {C12168D1-14EB-48A8-9655-44DE994C078C}
	EndGlobalSection
EndGlobal
