
Microsoft Visual Studio Solution File, Format Version 12.00
# Visual Studio Version 16
VisualStudioVersion = 16.0.30225.117
MinimumVisualStudioVersion = 10.0.40219.1
Project("{9A19103F-16F7-4668-BE54-9A1E7A4F7556}") = "Dapper.Practice.DAL", "Dapper.Practice.DAL\Dapper.Practice.DAL.csproj", "{EE0C6B2A-C81B-49E7-B7DF-1E286101214A}"
EndProject
Project("{9A19103F-16F7-4668-BE54-9A1E7A4F7556}") = "Dapper.Practice.UserDataCleaner", "Dapper.Practice.UserDataCleaner\Dapper.Practice.UserDataCleaner.csproj", "{D80F5EC5-DBC9-4D42-9433-0CF4379F4346}"
EndProject
Global
	GlobalSection(SolutionConfigurationPlatforms) = preSolution
		Debug|Any CPU = Debug|Any CPU
		Release|Any CPU = Release|Any CPU
	EndGlobalSection
	GlobalSection(ProjectConfigurationPlatforms) = postSolution
		{EE0C6B2A-C81B-49E7-B7DF-1E286101214A}.Debug|Any CPU.ActiveCfg = Debug|Any CPU
		{EE0C6B2A-C81B-49E7-B7DF-1E286101214A}.Debug|Any CPU.Build.0 = Debug|Any CPU
		{EE0C6B2A-C81B-49E7-B7DF-1E286101214A}.Release|Any CPU.ActiveCfg = Release|Any CPU
		{EE0C6B2A-C81B-49E7-B7DF-1E286101214A}.Release|Any CPU.Build.0 = Release|Any CPU
		{D80F5EC5-DBC9-4D42-9433-0CF4379F4346}.Debug|Any CPU.ActiveCfg = Debug|Any CPU
		{D80F5EC5-DBC9-4D42-9433-0CF4379F4346}.Debug|Any CPU.Build.0 = Debug|Any CPU
		{D80F5EC5-DBC9-4D42-9433-0CF4379F4346}.Release|Any CPU.ActiveCfg = Release|Any CPU
		{D80F5EC5-DBC9-4D42-9433-0CF4379F4346}.Release|Any CPU.Build.0 = Release|Any CPU
	EndGlobalSection
	GlobalSection(SolutionProperties) = preSolution
		HideSolutionNode = FALSE
	EndGlobalSection
	GlobalSection(ExtensibilityGlobals) = postSolution
		SolutionGuid = {BA9E5BC4-628C-4377-9C3E-4697552F5A63}
	EndGlobalSection
EndGlobal
