
Microsoft Visual Studio Solution File, Format Version 12.00
# Visual Studio Version 16
VisualStudioVersion = 16.0.31025.194
MinimumVisualStudioVersion = 10.0.40219.1
Project("{9A19103F-16F7-4668-BE54-9A1E7A4F7556}") = "PhoneBook", "PhoneBook\PhoneBook.csproj", "{819D7A99-8F13-450E-BC71-F7DB06F8BA2C}"
EndProject
Global
	GlobalSection(SolutionConfigurationPlatforms) = preSolution
		Debug|Any CPU = Debug|Any CPU
		Release|Any CPU = Release|Any CPU
	EndGlobalSection
	GlobalSection(ProjectConfigurationPlatforms) = postSolution
		{819D7A99-8F13-450E-BC71-F7DB06F8BA2C}.Debug|Any CPU.ActiveCfg = Debug|Any CPU
		{819D7A99-8F13-450E-BC71-F7DB06F8BA2C}.Debug|Any CPU.Build.0 = Debug|Any CPU
		{819D7A99-8F13-450E-BC71-F7DB06F8BA2C}.Release|Any CPU.ActiveCfg = Release|Any CPU
		{819D7A99-8F13-450E-BC71-F7DB06F8BA2C}.Release|Any CPU.Build.0 = Release|Any CPU
	EndGlobalSection
	GlobalSection(SolutionProperties) = preSolution
		HideSolutionNode = FALSE
	EndGlobalSection
	GlobalSection(ExtensibilityGlobals) = postSolution
		SolutionGuid = {19D9A8E0-6280-4FB5-ACFC-C022E76693B6}
	EndGlobalSection
EndGlobal
