
Microsoft Visual Studio Solution File, Format Version 12.00
# Visual Studio Version 16
VisualStudioVersion = 16.0.30225.117
MinimumVisualStudioVersion = 10.0.40219.1
Project("{FAE04EC0-301F-11D3-BF4B-00C04F79EFBC}") = "ADO.Practice", "ADO.Practice\ADO.Practice.csproj", "{3289259B-8EB1-4AED-B37C-79A4DCA54165}"
EndProject
Global
	GlobalSection(SolutionConfigurationPlatforms) = preSolution
		Debug|Any CPU = Debug|Any CPU
		Release|Any CPU = Release|Any CPU
	EndGlobalSection
	GlobalSection(ProjectConfigurationPlatforms) = postSolution
		{3289259B-8EB1-4AED-B37C-79A4DCA54165}.Debug|Any CPU.ActiveCfg = Debug|Any CPU
		{3289259B-8EB1-4AED-B37C-79A4DCA54165}.Debug|Any CPU.Build.0 = Debug|Any CPU
		{3289259B-8EB1-4AED-B37C-79A4DCA54165}.Release|Any CPU.ActiveCfg = Release|Any CPU
		{3289259B-8EB1-4AED-B37C-79A4DCA54165}.Release|Any CPU.Build.0 = Release|Any CPU
	EndGlobalSection
	GlobalSection(SolutionProperties) = preSolution
		HideSolutionNode = FALSE
	EndGlobalSection
	GlobalSection(ExtensibilityGlobals) = postSolution
		SolutionGuid = {0936F5BE-0A3A-4655-BA95-8395BCDBB184}
	EndGlobalSection
EndGlobal
