
Microsoft Visual Studio Solution File, Format Version 12.00
# Visual Studio Version 16
VisualStudioVersion = 16.0.30225.117
MinimumVisualStudioVersion = 10.0.40219.1
Project("{9A19103F-16F7-4668-BE54-9A1E7A4F7556}") = "SimpleApi", "SimpleApi\SimpleApi.csproj", "{09B312FC-90A2-4EB5-B563-B8C2B430FC87}"
EndProject
Project("{9A19103F-16F7-4668-BE54-9A1E7A4F7556}") = "App.Core", "App.Core\App.Core.csproj", "{8A957D6A-10FC-40ED-B04A-892A479DDE21}"
EndProject
Project("{9A19103F-16F7-4668-BE54-9A1E7A4F7556}") = "App.DataAccess", "App.DataAccess\App.DataAccess.csproj", "{0B1D6077-09BB-4C1F-8F24-336EF31C561F}"
EndProject
Global
	GlobalSection(SolutionConfigurationPlatforms) = preSolution
		Debug|Any CPU = Debug|Any CPU
		Release|Any CPU = Release|Any CPU
	EndGlobalSection
	GlobalSection(ProjectConfigurationPlatforms) = postSolution
		{09B312FC-90A2-4EB5-B563-B8C2B430FC87}.Debug|Any CPU.ActiveCfg = Debug|Any CPU
		{09B312FC-90A2-4EB5-B563-B8C2B430FC87}.Debug|Any CPU.Build.0 = Debug|Any CPU
		{09B312FC-90A2-4EB5-B563-B8C2B430FC87}.Release|Any CPU.ActiveCfg = Release|Any CPU
		{09B312FC-90A2-4EB5-B563-B8C2B430FC87}.Release|Any CPU.Build.0 = Release|Any CPU
		{8A957D6A-10FC-40ED-B04A-892A479DDE21}.Debug|Any CPU.ActiveCfg = Debug|Any CPU
		{8A957D6A-10FC-40ED-B04A-892A479DDE21}.Debug|Any CPU.Build.0 = Debug|Any CPU
		{8A957D6A-10FC-40ED-B04A-892A479DDE21}.Release|Any CPU.ActiveCfg = Release|Any CPU
		{8A957D6A-10FC-40ED-B04A-892A479DDE21}.Release|Any CPU.Build.0 = Release|Any CPU
		{0B1D6077-09BB-4C1F-8F24-336EF31C561F}.Debug|Any CPU.ActiveCfg = Debug|Any CPU
		{0B1D6077-09BB-4C1F-8F24-336EF31C561F}.Debug|Any CPU.Build.0 = Debug|Any CPU
		{0B1D6077-09BB-4C1F-8F24-336EF31C561F}.Release|Any CPU.ActiveCfg = Release|Any CPU
		{0B1D6077-09BB-4C1F-8F24-336EF31C561F}.Release|Any CPU.Build.0 = Release|Any CPU
	EndGlobalSection
	GlobalSection(SolutionProperties) = preSolution
		HideSolutionNode = FALSE
	EndGlobalSection
	GlobalSection(ExtensibilityGlobals) = postSolution
		SolutionGuid = {53D3BEF8-D0FE-49B5-A839-2AC00278CF6D}
	EndGlobalSection
EndGlobal
