
Microsoft Visual Studio Solution File, Format Version 12.00
# Visual Studio Version 16
VisualStudioVersion = 16.0.30717.126
MinimumVisualStudioVersion = 10.0.40219.1
Project("{9A19103F-16F7-4668-BE54-9A1E7A4F7556}") = "SomeBusinessService", "SomeBusinesService\SomeBusinessService.csproj", "{C2858E55-967C-4430-A486-8A386375B045}"
EndProject
Project("{FAE04EC0-301F-11D3-BF4B-00C04F79EFBC}") = "SomeBusinessService.Test", "SomeBusinessService.Test\SomeBusinessService.Test.csproj", "{A9CD8E0C-4727-4FC2-A1D6-F48EF6687AA2}"
EndProject
Global
	GlobalSection(SolutionConfigurationPlatforms) = preSolution
		Debug|Any CPU = Debug|Any CPU
		Release|Any CPU = Release|Any CPU
	EndGlobalSection
	GlobalSection(ProjectConfigurationPlatforms) = postSolution
		{C2858E55-967C-4430-A486-8A386375B045}.Debug|Any CPU.ActiveCfg = Debug|Any CPU
		{C2858E55-967C-4430-A486-8A386375B045}.Debug|Any CPU.Build.0 = Debug|Any CPU
		{C2858E55-967C-4430-A486-8A386375B045}.Release|Any CPU.ActiveCfg = Release|Any CPU
		{C2858E55-967C-4430-A486-8A386375B045}.Release|Any CPU.Build.0 = Release|Any CPU
		{A9CD8E0C-4727-4FC2-A1D6-F48EF6687AA2}.Debug|Any CPU.ActiveCfg = Debug|Any CPU
		{A9CD8E0C-4727-4FC2-A1D6-F48EF6687AA2}.Debug|Any CPU.Build.0 = Debug|Any CPU
		{A9CD8E0C-4727-4FC2-A1D6-F48EF6687AA2}.Release|Any CPU.ActiveCfg = Release|Any CPU
		{A9CD8E0C-4727-4FC2-A1D6-F48EF6687AA2}.Release|Any CPU.Build.0 = Release|Any CPU
	EndGlobalSection
	GlobalSection(SolutionProperties) = preSolution
		HideSolutionNode = FALSE
	EndGlobalSection
	GlobalSection(ExtensibilityGlobals) = postSolution
		SolutionGuid = {D70FCED7-5AEA-476A-8FFF-2C84E9DBB8A9}
	EndGlobalSection
EndGlobal
